
Microsoft Visual Studio Solution File, Format Version 12.00
# Visual Studio Version 17
VisualStudioVersion = 17.6.33723.286
MinimumVisualStudioVersion = 10.0.40219.1
Project("{FAE04EC0-301F-11D3-BF4B-00C04F79EFBC}") = "functiondemo", "functiondemo\functiondemo.csproj", "{40316193-C94F-4062-91D0-C860F8A595EF}"
EndProject
Global
	GlobalSection(SolutionConfigurationPlatforms) = preSolution
		Debug|Any CPU = Debug|Any CPU
		Release|Any CPU = Release|Any CPU
	EndGlobalSection
	GlobalSection(ProjectConfigurationPlatforms) = postSolution
		{40316193-C94F-4062-91D0-C860F8A595EF}.Debug|Any CPU.ActiveCfg = Debug|Any CPU
		{40316193-C94F-4062-91D0-C860F8A595EF}.Debug|Any CPU.Build.0 = Debug|Any CPU
		{40316193-C94F-4062-91D0-C860F8A595EF}.Release|Any CPU.ActiveCfg = Release|Any CPU
		{40316193-C94F-4062-91D0-C860F8A595EF}.Release|Any CPU.Build.0 = Release|Any CPU
	EndGlobalSection
	GlobalSection(SolutionProperties) = preSolution
		HideSolutionNode = FALSE
	EndGlobalSection
	GlobalSection(ExtensibilityGlobals) = postSolution
		SolutionGuid = {78237477-A4FE-4AE6-9530-683E24E18303}
	EndGlobalSection
EndGlobal
