
Microsoft Visual Studio Solution File, Format Version 12.00
# Visual Studio Version 17
VisualStudioVersion = 17.6.33723.286
MinimumVisualStudioVersion = 10.0.40219.1
Project("{FAE04EC0-301F-11D3-BF4B-00C04F79EFBC}") = "Select_data", "Select_data\Select_data.csproj", "{7F9C2313-AF12-475E-8D58-3ACDDA3692B6}"
EndProject
Global
	GlobalSection(SolutionConfigurationPlatforms) = preSolution
		Debug|Any CPU = Debug|Any CPU
		Release|Any CPU = Release|Any CPU
	EndGlobalSection
	GlobalSection(ProjectConfigurationPlatforms) = postSolution
		{7F9C2313-AF12-475E-8D58-3ACDDA3692B6}.Debug|Any CPU.ActiveCfg = Debug|Any CPU
		{7F9C2313-AF12-475E-8D58-3ACDDA3692B6}.Debug|Any CPU.Build.0 = Debug|Any CPU
		{7F9C2313-AF12-475E-8D58-3ACDDA3692B6}.Release|Any CPU.ActiveCfg = Release|Any CPU
		{7F9C2313-AF12-475E-8D58-3ACDDA3692B6}.Release|Any CPU.Build.0 = Release|Any CPU
	EndGlobalSection
	GlobalSection(SolutionProperties) = preSolution
		HideSolutionNode = FALSE
	EndGlobalSection
	GlobalSection(ExtensibilityGlobals) = postSolution
		SolutionGuid = {F93B54BD-AA18-4D0F-9940-760BA7B379D3}
	EndGlobalSection
EndGlobal
