
Microsoft Visual Studio Solution File, Format Version 12.00
# Visual Studio Version 17
VisualStudioVersion = 17.6.33723.286
MinimumVisualStudioVersion = 10.0.40219.1
Project("{FAE04EC0-301F-11D3-BF4B-00C04F79EFBC}") = "Transactions", "Transactions\Transactions.csproj", "{494045BD-7D72-4333-BCB2-77E94B81FC9A}"
EndProject
Global
	GlobalSection(SolutionConfigurationPlatforms) = preSolution
		Debug|Any CPU = Debug|Any CPU
		Release|Any CPU = Release|Any CPU
	EndGlobalSection
	GlobalSection(ProjectConfigurationPlatforms) = postSolution
		{494045BD-7D72-4333-BCB2-77E94B81FC9A}.Debug|Any CPU.ActiveCfg = Debug|Any CPU
		{494045BD-7D72-4333-BCB2-77E94B81FC9A}.Debug|Any CPU.Build.0 = Debug|Any CPU
		{494045BD-7D72-4333-BCB2-77E94B81FC9A}.Release|Any CPU.ActiveCfg = Release|Any CPU
		{494045BD-7D72-4333-BCB2-77E94B81FC9A}.Release|Any CPU.Build.0 = Release|Any CPU
	EndGlobalSection
	GlobalSection(SolutionProperties) = preSolution
		HideSolutionNode = FALSE
	EndGlobalSection
	GlobalSection(ExtensibilityGlobals) = postSolution
		SolutionGuid = {F396118E-3CB5-4743-A45F-843CE3B6C35C}
	EndGlobalSection
EndGlobal
